github.com/mattn/go v0.0.0-20171011075504-07f7db3ea99f h1:wUGiIqMUWidYNHs5WgYo1fr6r8CP1P5zIz8XVf0MyxI=
github.com/mattn/go v0.0.0-20171011075504-07f7db3ea99f/go.mod h1:er1RftId+06gzD11kJNzJAnQkIWK7Y35kiCPZWaO0TI=
github.com/mattn/go-sqlite3 v1.14.24 h1:tpSp2G2KyMnnQu99ngJ47EIkWVmliIizyZBfPrBWDRM=
github.com/mattn/go-sqlite3 v1.14.24/go.mod h1:Uh1q+B4BYcTPb+yiD3kU8Ct7aC0hY9fxUwlHK0RXw+Y=
